
Microsoft Visual Studio Solution File, Format Version 12.00
# Visual Studio 15
VisualStudioVersion = 15.0.28307.489
MinimumVisualStudioVersion = 10.0.40219.1
Project("{FAE04EC0-301F-11D3-BF4B-00C04F79EFBC}") = "Lab4", "Lab4\Lab4.csproj", "{CF455604-1C33-4284-B084-330F4337E515}"
EndProject
Global
	GlobalSection(SolutionConfigurationPlatforms) = preSolution
		Debug|Any CPU = Debug|Any CPU
		Release|Any CPU = Release|Any CPU
	EndGlobalSection
	GlobalSection(ProjectConfigurationPlatforms) = postSolution
		{CF455604-1C33-4284-B084-330F4337E515}.Debug|Any CPU.ActiveCfg = Debug|Any CPU
		{CF455604-1C33-4284-B084-330F4337E515}.Debug|Any CPU.Build.0 = Debug|Any CPU
		{CF455604-1C33-4284-B084-330F4337E515}.Release|Any CPU.ActiveCfg = Release|Any CPU
		{CF455604-1C33-4284-B084-330F4337E515}.Release|Any CPU.Build.0 = Release|Any CPU
	EndGlobalSection
	GlobalSection(SolutionProperties) = preSolution
		HideSolutionNode = FALSE
	EndGlobalSection
	GlobalSection(ExtensibilityGlobals) = postSolution
		SolutionGuid = {46326A9C-09CE-44F1-AD39-FE068D77567A}
	EndGlobalSection
EndGlobal
